
Microsoft Visual Studio Solution File, Format Version 12.00
# Visual Studio Version 16
VisualStudioVersion = 16.0.28803.352
MinimumVisualStudioVersion = 10.0.40219.1
Project("{9A19103F-16F7-4668-BE54-9A1E7A4F7556}") = "Core.GatewayAPI", "Core.GatewayAPI\Core.GatewayAPI.csproj", "{0F63649E-01C6-41B2-A18C-A64C04478C53}"
EndProject
Project("{9A19103F-16F7-4668-BE54-9A1E7A4F7556}") = "Core.WeatherAPI", "Core.WeatherAPI\Core.WeatherAPI.csproj", "{2B08C9CB-9436-4EE1-909A-FC9A15596BE1}"
EndProject
Project("{9A19103F-16F7-4668-BE54-9A1E7A4F7556}") = "Herald", "Herald\Herald.csproj", "{362DBB01-1CE2-4338-A066-53ABA1ACBED7}"
EndProject
Project("{9A19103F-16F7-4668-BE54-9A1E7A4F7556}") = "TestConsole", "TestConsole\TestConsole.csproj", "{0491AF3C-F6CB-4C68-8169-FBE131BB57B9}"
EndProject
Project("{FAE04EC0-301F-11D3-BF4B-00C04F79EFBC}") = "Core.HelperWindowsService", "Core.HelperWindowsService\Core.HelperWindowsService.csproj", "{B24A1027-4A4E-49FD-936B-B341708FDAF0}"
EndProject
Global
	GlobalSection(SolutionConfigurationPlatforms) = preSolution
		Debug|Any CPU = Debug|Any CPU
		Release|Any CPU = Release|Any CPU
	EndGlobalSection
	GlobalSection(ProjectConfigurationPlatforms) = postSolution
		{0F63649E-01C6-41B2-A18C-A64C04478C53}.Debug|Any CPU.ActiveCfg = Debug|Any CPU
		{0F63649E-01C6-41B2-A18C-A64C04478C53}.Debug|Any CPU.Build.0 = Debug|Any CPU
		{0F63649E-01C6-41B2-A18C-A64C04478C53}.Release|Any CPU.ActiveCfg = Release|Any CPU
		{0F63649E-01C6-41B2-A18C-A64C04478C53}.Release|Any CPU.Build.0 = Release|Any CPU
		{2B08C9CB-9436-4EE1-909A-FC9A15596BE1}.Debug|Any CPU.ActiveCfg = Debug|Any CPU
		{2B08C9CB-9436-4EE1-909A-FC9A15596BE1}.Debug|Any CPU.Build.0 = Debug|Any CPU
		{2B08C9CB-9436-4EE1-909A-FC9A15596BE1}.Release|Any CPU.ActiveCfg = Release|Any CPU
		{2B08C9CB-9436-4EE1-909A-FC9A15596BE1}.Release|Any CPU.Build.0 = Release|Any CPU
		{362DBB01-1CE2-4338-A066-53ABA1ACBED7}.Debug|Any CPU.ActiveCfg = Debug|Any CPU
		{362DBB01-1CE2-4338-A066-53ABA1ACBED7}.Debug|Any CPU.Build.0 = Debug|Any CPU
		{362DBB01-1CE2-4338-A066-53ABA1ACBED7}.Release|Any CPU.ActiveCfg = Release|Any CPU
		{362DBB01-1CE2-4338-A066-53ABA1ACBED7}.Release|Any CPU.Build.0 = Release|Any CPU
		{0491AF3C-F6CB-4C68-8169-FBE131BB57B9}.Debug|Any CPU.ActiveCfg = Debug|Any CPU
		{0491AF3C-F6CB-4C68-8169-FBE131BB57B9}.Debug|Any CPU.Build.0 = Debug|Any CPU
		{0491AF3C-F6CB-4C68-8169-FBE131BB57B9}.Release|Any CPU.ActiveCfg = Release|Any CPU
		{0491AF3C-F6CB-4C68-8169-FBE131BB57B9}.Release|Any CPU.Build.0 = Release|Any CPU
		{B24A1027-4A4E-49FD-936B-B341708FDAF0}.Debug|Any CPU.ActiveCfg = Debug|Any CPU
		{B24A1027-4A4E-49FD-936B-B341708FDAF0}.Debug|Any CPU.Build.0 = Debug|Any CPU
		{B24A1027-4A4E-49FD-936B-B341708FDAF0}.Release|Any CPU.ActiveCfg = Release|Any CPU
		{B24A1027-4A4E-49FD-936B-B341708FDAF0}.Release|Any CPU.Build.0 = Release|Any CPU
	EndGlobalSection
	GlobalSection(SolutionProperties) = preSolution
		HideSolutionNode = FALSE
	EndGlobalSection
	GlobalSection(ExtensibilityGlobals) = postSolution
		SolutionGuid = {0DF69912-542B-49E9-9E9F-575ECE4B1729}
	EndGlobalSection
EndGlobal
